
Microsoft Visual Studio Solution File, Format Version 12.00
# Visual Studio Version 16
VisualStudioVersion = 16.0.34601.136
MinimumVisualStudioVersion = 10.0.40219.1
Project("{8BC9CEB8-8B4A-11D0-8D11-00A0C91BC942}") = "Skaker_Sort", "Skaker_Sort\Skaker_Sort.vcxproj", "{61804954-E9F0-41BC-81C1-15FC6F24E2D0}"
EndProject
Global
	GlobalSection(SolutionConfigurationPlatforms) = preSolution
		Debug|x64 = Debug|x64
		Debug|x86 = Debug|x86
		Release|x64 = Release|x64
		Release|x86 = Release|x86
	EndGlobalSection
	GlobalSection(ProjectConfigurationPlatforms) = postSolution
		{61804954-E9F0-41BC-81C1-15FC6F24E2D0}.Debug|x64.ActiveCfg = Debug|x64
		{61804954-E9F0-41BC-81C1-15FC6F24E2D0}.Debug|x64.Build.0 = Debug|x64
		{61804954-E9F0-41BC-81C1-15FC6F24E2D0}.Debug|x86.ActiveCfg = Debug|Win32
		{61804954-E9F0-41BC-81C1-15FC6F24E2D0}.Debug|x86.Build.0 = Debug|Win32
		{61804954-E9F0-41BC-81C1-15FC6F24E2D0}.Release|x64.ActiveCfg = Release|x64
		{61804954-E9F0-41BC-81C1-15FC6F24E2D0}.Release|x64.Build.0 = Release|x64
		{61804954-E9F0-41BC-81C1-15FC6F24E2D0}.Release|x86.ActiveCfg = Release|Win32
		{61804954-E9F0-41BC-81C1-15FC6F24E2D0}.Release|x86.Build.0 = Release|Win32
	EndGlobalSection
	GlobalSection(SolutionProperties) = preSolution
		HideSolutionNode = FALSE
	EndGlobalSection
	GlobalSection(ExtensibilityGlobals) = postSolution
		SolutionGuid = {D0D8B8DB-9278-4404-B056-A9957E3F8BD5}
	EndGlobalSection
EndGlobal
